// !$*UTF8*$!
{
	archiveVersion = 1;
	classes = {
	};
	objectVersion = 46;
	objects = {

/* Begin PBXBuildFile section */
		231564B81C91C8CE00783F45 /* RSA.swift in Sources */ = {isa = PBXBuildFile; fileRef = 231564B71C91C8CE00783F45 /* RSA.swift */; };
		231564B91C91C8CE00783F45 /* RSA.swift in Sources */ = {isa = PBXBuildFile; fileRef = 231564B71C91C8CE00783F45 /* RSA.swift */; };
		231564BB1C91CCF700783F45 /* RSATests.swift in Sources */ = {isa = PBXBuildFile; fileRef = 231564BA1C91CCF700783F45 /* RSATests.swift */; };
		231A24421C8A131500A8F02B /* main.swift in Sources */ = {isa = PBXBuildFile; fileRef = 231A24411C8A131500A8F02B /* main.swift */; };
		231A24491C8A139A00A8F02B /* EuclideanAlgorithms.swift in Sources */ = {isa = PBXBuildFile; fileRef = 231A24481C8A139A00A8F02B /* EuclideanAlgorithms.swift */; };
		231A245E1C8A1B2800A8F02B /* DiscreteMathTests.swift in Sources */ = {isa = PBXBuildFile; fileRef = 231A245D1C8A1B2800A8F02B /* DiscreteMathTests.swift */; };
		231A24641C8A1C6200A8F02B /* EuclideanAlgorithms.swift in Sources */ = {isa = PBXBuildFile; fileRef = 231A24481C8A139A00A8F02B /* EuclideanAlgorithms.swift */; };
		23485AA41C8DE809004A1CEF /* Primes.swift in Sources */ = {isa = PBXBuildFile; fileRef = 23485AA31C8DE809004A1CEF /* Primes.swift */; };
		23485AA61C8DE9C4004A1CEF /* PrimeTests.swift in Sources */ = {isa = PBXBuildFile; fileRef = 23485AA51C8DE9C4004A1CEF /* PrimeTests.swift */; };
		23485AA71C8DEA6B004A1CEF /* Primes.swift in Sources */ = {isa = PBXBuildFile; fileRef = 23485AA31C8DE809004A1CEF /* Primes.swift */; };
		23D349001C8F2CDA000A5EDD /* ModularArithmetic.swift in Sources */ = {isa = PBXBuildFile; fileRef = 23D348FF1C8F2CDA000A5EDD /* ModularArithmetic.swift */; };
		23D349021C8F2D9C000A5EDD /* ModularArithmeticTests.swift in Sources */ = {isa = PBXBuildFile; fileRef = 23D349011C8F2D9C000A5EDD /* ModularArithmeticTests.swift */; };
		23D349031C8F2DA6000A5EDD /* ModularArithmetic.swift in Sources */ = {isa = PBXBuildFile; fileRef = 23D348FF1C8F2CDA000A5EDD /* ModularArithmetic.swift */; };
/* End PBXBuildFile section */

/* Begin PBXCopyFilesBuildPhase section */
		231A243C1C8A131500A8F02B /* CopyFiles */ = {
			isa = PBXCopyFilesBuildPhase;
			buildActionMask = 2147483647;
			dstPath = /usr/share/man/man1/;
			dstSubfolderSpec = 0;
			files = (
			);
			runOnlyForDeploymentPostprocessing = 1;
		};
/* End PBXCopyFilesBuildPhase section */

/* Begin PBXFileReference section */
		231564B71C91C8CE00783F45 /* RSA.swift */ = {isa = PBXFileReference; fileEncoding = 4; lastKnownFileType = sourcecode.swift; path = RSA.swift; sourceTree = "<group>"; };
		231564BA1C91CCF700783F45 /* RSATests.swift */ = {isa = PBXFileReference; fileEncoding = 4; lastKnownFileType = sourcecode.swift; path = RSATests.swift; sourceTree = "<group>"; };
		231A243E1C8A131500A8F02B /* DiscreteMathProblems */ = {isa = PBXFileReference; explicitFileType = "compiled.mach-o.executable"; includeInIndex = 0; path = DiscreteMathProblems; sourceTree = BUILT_PRODUCTS_DIR; };
		231A24411C8A131500A8F02B /* main.swift */ = {isa = PBXFileReference; lastKnownFileType = sourcecode.swift; path = main.swift; sourceTree = "<group>"; };
		231A24481C8A139A00A8F02B /* EuclideanAlgorithms.swift */ = {isa = PBXFileReference; fileEncoding = 4; lastKnownFileType = sourcecode.swift; path = EuclideanAlgorithms.swift; sourceTree = "<group>"; };
		231A245B1C8A1B2800A8F02B /* DiscreteMathTests.xctest */ = {isa = PBXFileReference; explicitFileType = wrapper.cfbundle; includeInIndex = 0; path = DiscreteMathTests.xctest; sourceTree = BUILT_PRODUCTS_DIR; };
		231A245D1C8A1B2800A8F02B /* DiscreteMathTests.swift */ = {isa = PBXFileReference; lastKnownFileType = sourcecode.swift; path = DiscreteMathTests.swift; sourceTree = "<group>"; };
		231A245F1C8A1B2800A8F02B /* Info.plist */ = {isa = PBXFileReference; lastKnownFileType = text.plist.xml; path = Info.plist; sourceTree = "<group>"; };
		23485AA31C8DE809004A1CEF /* Primes.swift */ = {isa = PBXFileReference; fileEncoding = 4; lastKnownFileType = sourcecode.swift; path = Primes.swift; sourceTree = "<group>"; };
		23485AA51C8DE9C4004A1CEF /* PrimeTests.swift */ = {isa = PBXFileReference; fileEncoding = 4; lastKnownFileType = sourcecode.swift; path = PrimeTests.swift; sourceTree = "<group>"; };
		23D348FF1C8F2CDA000A5EDD /* ModularArithmetic.swift */ = {isa = PBXFileReference; fileEncoding = 4; lastKnownFileType = sourcecode.swift; path = ModularArithmetic.swift; sourceTree = "<group>"; };
		23D349011C8F2D9C000A5EDD /* ModularArithmeticTests.swift */ = {isa = PBXFileReference; fileEncoding = 4; lastKnownFileType = sourcecode.swift; path = ModularArithmeticTests.swift; sourceTree = "<group>"; };
/* End PBXFileReference section */

/* Begin PBXFrameworksBuildPhase section */
		231A243B1C8A131500A8F02B /* Frameworks */ = {
			isa = PBXFrameworksBuildPhase;
			buildActionMask = 2147483647;
			files = (
			);
			runOnlyForDeploymentPostprocessing = 0;
		};
		231A24581C8A1B2800A8F02B /* Frameworks */ = {
			isa = PBXFrameworksBuildPhase;
			buildActionMask = 2147483647;
			files = (
			);
			runOnlyForDeploymentPostprocessing = 0;
		};
/* End PBXFrameworksBuildPhase section */

/* Begin PBXGroup section */
		231A24351C8A131500A8F02B = {
			isa = PBXGroup;
			children = (
				231A24401C8A131500A8F02B /* DiscreteMathProblems */,
				231A245C1C8A1B2800A8F02B /* DiscreteMathTests */,
				231A243F1C8A131500A8F02B /* Products */,
			);
			sourceTree = "<group>";
		};
		231A243F1C8A131500A8F02B /* Products */ = {
			isa = PBXGroup;
			children = (
				231A243E1C8A131500A8F02B /* DiscreteMathProblems */,
				231A245B1C8A1B2800A8F02B /* DiscreteMathTests.xctest */,
			);
			name = Products;
			sourceTree = "<group>";
		};
		231A24401C8A131500A8F02B /* DiscreteMathProblems */ = {
			isa = PBXGroup;
			children = (
				231A24411C8A131500A8F02B /* main.swift */,
				231A24481C8A139A00A8F02B /* EuclideanAlgorithms.swift */,
				23485AA31C8DE809004A1CEF /* Primes.swift */,
				23D348FF1C8F2CDA000A5EDD /* ModularArithmetic.swift */,
				231564B71C91C8CE00783F45 /* RSA.swift */,
			);
			path = DiscreteMathProblems;
			sourceTree = "<group>";
		};
		231A245C1C8A1B2800A8F02B /* DiscreteMathTests */ = {
			isa = PBXGroup;
			children = (
				23485AA51C8DE9C4004A1CEF /* PrimeTests.swift */,
				231A245D1C8A1B2800A8F02B /* DiscreteMathTests.swift */,
				231A245F1C8A1B2800A8F02B /* Info.plist */,
				23D349011C8F2D9C000A5EDD /* ModularArithmeticTests.swift */,
				231564BA1C91CCF700783F45 /* RSATests.swift */,
			);
			path = DiscreteMathTests;
			sourceTree = "<group>";
		};
/* End PBXGroup section */

/* Begin PBXNativeTarget section */
		231A243D1C8A131500A8F02B /* DiscreteMathProblems */ = {
			isa = PBXNativeTarget;
			buildConfigurationList = 231A24451C8A131500A8F02B /* Build configuration list for PBXNativeTarget "DiscreteMathProblems" */;
			buildPhases = (
				231A243A1C8A131500A8F02B /* Sources */,
				231A243B1C8A131500A8F02B /* Frameworks */,
				231A243C1C8A131500A8F02B /* CopyFiles */,
			);
			buildRules = (
			);
			dependencies = (
			);
			name = DiscreteMathProblems;
			productName = DiscreteMathProblems;
			productReference = 231A243E1C8A131500A8F02B /* DiscreteMathProblems */;
			productType = "com.apple.product-type.tool";
		};
		231A245A1C8A1B2800A8F02B /* DiscreteMathTests */ = {
			isa = PBXNativeTarget;
			buildConfigurationList = 231A24601C8A1B2800A8F02B /* Build configuration list for PBXNativeTarget "DiscreteMathTests" */;
			buildPhases = (
				231A24571C8A1B2800A8F02B /* Sources */,
				231A24581C8A1B2800A8F02B /* Frameworks */,
				231A24591C8A1B2800A8F02B /* Resources */,
			);
			buildRules = (
			);
			dependencies = (
			);
			name = DiscreteMathTests;
			productName = DiscreteMathTests;
			productReference = 231A245B1C8A1B2800A8F02B /* DiscreteMathTests.xctest */;
			productType = "com.apple.product-type.bundle.unit-test";
		};
/* End PBXNativeTarget section */

/* Begin PBXProject section */
		231A24361C8A131500A8F02B /* Project object */ = {
			isa = PBXProject;
			attributes = {
				LastSwiftUpdateCheck = 0720;
				LastUpgradeCheck = 0720;
				ORGANIZATIONNAME = Incravo;
				TargetAttributes = {
					231A243D1C8A131500A8F02B = {
						CreatedOnToolsVersion = 7.2.1;
					};
					231A245A1C8A1B2800A8F02B = {
						CreatedOnToolsVersion = 7.2.1;
					};
				};
			};
			buildConfigurationList = 231A24391C8A131500A8F02B /* Build configuration list for PBXProject "DiscreteMathProblems" */;
			compatibilityVersion = "Xcode 3.2";
			developmentRegion = English;
			hasScannedForEncodings = 0;
			knownRegions = (
				en,
			);
			mainGroup = 231A24351C8A131500A8F02B;
			productRefGroup = 231A243F1C8A131500A8F02B /* Products */;
			projectDirPath = "";
			projectRoot = "";
			targets = (
				231A243D1C8A131500A8F02B /* DiscreteMathProblems */,
				231A245A1C8A1B2800A8F02B /* DiscreteMathTests */,
			);
		};
/* End PBXProject section */

/* Begin PBXResourcesBuildPhase section */
		231A24591C8A1B2800A8F02B /* Resources */ = {
			isa = PBXResourcesBuildPhase;
			buildActionMask = 2147483647;
			files = (
			);
			runOnlyForDeploymentPostprocessing = 0;
		};
/* End PBXResourcesBuildPhase section */

/* Begin PBXSourcesBuildPhase section */
		231A243A1C8A131500A8F02B /* Sources */ = {
			isa = PBXSourcesBuildPhase;
			buildActionMask = 2147483647;
			files = (
				23D349001C8F2CDA000A5EDD /* ModularArithmetic.swift in Sources */,
				231A24491C8A139A00A8F02B /* EuclideanAlgorithms.swift in Sources */,
				23485AA41C8DE809004A1CEF /* Primes.swift in Sources */,
				231A24421C8A131500A8F02B /* main.swift in Sources */,
				231564B81C91C8CE00783F45 /* RSA.swift in Sources */,
			);
			runOnlyForDeploymentPostprocessing = 0;
		};
		231A24571C8A1B2800A8F02B /* Sources */ = {
			isa = PBXSourcesBuildPhase;
			buildActionMask = 2147483647;
			files = (
				23D349031C8F2DA6000A5EDD /* ModularArithmetic.swift in Sources */,
				231A24641C8A1C6200A8F02B /* EuclideanAlgorithms.swift in Sources */,
				231564BB1C91CCF700783F45 /* RSATests.swift in Sources */,
				231A245E1C8A1B2800A8F02B /* DiscreteMathTests.swift in Sources */,
				231564B91C91C8CE00783F45 /* RSA.swift in Sources */,
				23485AA61C8DE9C4004A1CEF /* PrimeTests.swift in Sources */,
				23D349021C8F2D9C000A5EDD /* ModularArithmeticTests.swift in Sources */,
				23485AA71C8DEA6B004A1CEF /* Primes.swift in Sources */,
			);
			runOnlyForDeploymentPostprocessing = 0;
		};
/* End PBXSourcesBuildPhase section */

/* Begin XCBuildConfiguration section */
		231A24431C8A131500A8F02B /* Debug */ = {
			isa = XCBuildConfiguration;
			buildSettings = {
				ALWAYS_SEARCH_USER_PATHS = NO;
				CLANG_CXX_LANGUAGE_STANDARD = "gnu++0x";
				CLANG_CXX_LIBRARY = "libc++";
				CLANG_ENABLE_MODULES = YES;
				CLANG_ENABLE_OBJC_ARC = YES;
				CLANG_WARN_BOOL_CONVERSION = YES;
				CLANG_WARN_CONSTANT_CONVERSION = YES;
				CLANG_WARN_DIRECT_OBJC_ISA_USAGE = YES_ERROR;
				CLANG_WARN_EMPTY_BODY = YES;
				CLANG_WARN_ENUM_CONVERSION = YES;
				CLANG_WARN_INT_CONVERSION = YES;
				CLANG_WARN_OBJC_ROOT_CLASS = YES_ERROR;
				CLANG_WARN_UNREACHABLE_CODE = YES;
				CLANG_WARN__DUPLICATE_METHOD_MATCH = YES;
				CODE_SIGN_IDENTITY = "-";
				COPY_PHASE_STRIP = NO;
				DEBUG_INFORMATION_FORMAT = dwarf;
				ENABLE_STRICT_OBJC_MSGSEND = YES;
				ENABLE_TESTABILITY = YES;
				GCC_C_LANGUAGE_STANDARD = gnu99;
				GCC_DYNAMIC_NO_PIC = NO;
				GCC_NO_COMMON_BLOCKS = YES;
				GCC_OPTIMIZATION_LEVEL = 0;
				GCC_PREPROCESSOR_DEFINITIONS = (
					"DEBUG=1",
					"$(inherited)",
				);
				GCC_WARN_64_TO_32_BIT_CONVERSION = YES;
				GCC_WARN_ABOUT_RETURN_TYPE = YES_ERROR;
				GCC_WARN_UNDECLARED_SELECTOR = YES;
				GCC_WARN_UNINITIALIZED_AUTOS = YES_AGGRESSIVE;
				GCC_WARN_UNUSED_FUNCTION = YES;
				GCC_WARN_UNUSED_VARIABLE = YES;
				MACOSX_DEPLOYMENT_TARGET = 10.11;
				MTL_ENABLE_DEBUG_INFO = YES;
				ONLY_ACTIVE_ARCH = YES;
				SDKROOT = macosx;
				SWIFT_OPTIMIZATION_LEVEL = "-Onone";
			};
			name = Debug;
		};
		231A24441C8A131500A8F02B /* Release */ = {
			isa = XCBuildConfiguration;
			buildSettings = {
				ALWAYS_SEARCH_USER_PATHS = NO;
				CLANG_CXX_LANGUAGE_STANDARD = "gnu++0x";
				CLANG_CXX_LIBRARY = "libc++";
				CLANG_ENABLE_MODULES = YES;
				CLANG_ENABLE_OBJC_ARC = YES;
				CLANG_WARN_BOOL_CONVERSION = YES;
				CLANG_WARN_CONSTANT_CONVERSION = YES;
				CLANG_WARN_DIRECT_OBJC_ISA_USAGE = YES_ERROR;
				CLANG_WARN_EMPTY_BODY = YES;
				CLANG_WARN_ENUM_CONVERSION = YES;
				CLANG_WARN_INT_CONVERSION = YES;
				CLANG_WARN_OBJC_ROOT_CLASS = YES_ERROR;
				CLANG_WARN_UNREACHABLE_CODE = YES;
				CLANG_WARN__DUPLICATE_METHOD_MATCH = YES;
				CODE_SIGN_IDENTITY = "-";
				COPY_PHASE_STRIP = NO;
				DEBUG_INFORMATION_FORMAT = "dwarf-with-dsym";
				ENABLE_NS_ASSERTIONS = NO;
				ENABLE_STRICT_OBJC_MSGSEND = YES;
				GCC_C_LANGUAGE_STANDARD = gnu99;
				GCC_NO_COMMON_BLOCKS = YES;
				GCC_WARN_64_TO_32_BIT_CONVERSION = YES;
				GCC_WARN_ABOUT_RETURN_TYPE = YES_ERROR;
				GCC_WARN_UNDECLARED_SELECTOR = YES;
				GCC_WARN_UNINITIALIZED_AUTOS = YES_AGGRESSIVE;
				GCC_WARN_UNUSED_FUNCTION = YES;
				GCC_WARN_UNUSED_VARIABLE = YES;
				MACOSX_DEPLOYMENT_TARGET = 10.11;
				MTL_ENABLE_DEBUG_INFO = NO;
				SDKROOT = macosx;
			};
			name = Release;
		};
		231A24461C8A131500A8F02B /* Debug */ = {
			isa = XCBuildConfiguration;
			buildSettings = {
				PRODUCT_NAME = "$(TARGET_NAME)";
			};
			name = Debug;
		};
		231A24471C8A131500A8F02B /* Release */ = {
			isa = XCBuildConfiguration;
			buildSettings = {
				PRODUCT_NAME = "$(TARGET_NAME)";
			};
			name = Release;
		};
		231A24611C8A1B2800A8F02B /* Debug */ = {
			isa = XCBuildConfiguration;
			buildSettings = {
				COMBINE_HIDPI_IMAGES = YES;
				INFOPLIST_FILE = DiscreteMathTests/Info.plist;
				LD_RUNPATH_SEARCH_PATHS = "$(inherited) @executable_path/../Frameworks @loader_path/../Frameworks";
				PRODUCT_BUNDLE_IDENTIFIER = com.incravo.FollowUpBox.DiscreteMathTests;
				PRODUCT_NAME = "$(TARGET_NAME)";
			};
			name = Debug;
		};
		231A24621C8A1B2800A8F02B /* Release */ = {
			isa = XCBuildConfiguration;
			buildSettings = {
				COMBINE_HIDPI_IMAGES = YES;
				INFOPLIST_FILE = DiscreteMathTests/Info.plist;
				LD_RUNPATH_SEARCH_PATHS = "$(inherited) @executable_path/../Frameworks @loader_path/../Frameworks";
				PRODUCT_BUNDLE_IDENTIFIER = com.incravo.FollowUpBox.DiscreteMathTests;
				PRODUCT_NAME = "$(TARGET_NAME)";
			};
			name = Release;
		};
/* End XCBuildConfiguration section */

/* Begin XCConfigurationList section */
		231A24391C8A131500A8F02B /* Build configuration list for PBXProject "DiscreteMathProblems" */ = {
			isa = XCConfigurationList;
			buildConfigurations = (
				231A24431C8A131500A8F02B /* Debug */,
				231A24441C8A131500A8F02B /* Release */,
			);
			defaultConfigurationIsVisible = 0;
			defaultConfigurationName = Release;
		};
		231A24451C8A131500A8F02B /* Build configuration list for PBXNativeTarget "DiscreteMathProblems" */ = {
			isa = XCConfigurationList;
			buildConfigurations = (
				231A24461C8A131500A8F02B /* Debug */,
				231A24471C8A131500A8F02B /* Release */,
			);
			defaultConfigurationIsVisible = 0;
			defaultConfigurationName = Release;
		};
		231A24601C8A1B2800A8F02B /* Build configuration list for PBXNativeTarget "DiscreteMathTests" */ = {
			isa = XCConfigurationList;
			buildConfigurations = (
				231A24611C8A1B2800A8F02B /* Debug */,
				231A24621C8A1B2800A8F02B /* Release */,
			);
			defaultConfigurationIsVisible = 0;
			defaultConfigurationName = Release;
		};
/* End XCConfigurationList section */
	};
	rootObject = 231A24361C8A131500A8F02B /* Project object */;
}
